PODS:
  - FMDB (2.7.5):
    - FMDB/standard (= 2.7.5)
  - FMDB/standard (2.7.5)
  - SQLCipher (3.1.0):
    - SQLCipher/standard (= 3.1.0)
  - SQLCipher/common (3.1.0)
  - SQLCipher/standard (3.1.0):
    - SQLCipher/common

DEPENDENCIES:
  - FMDB (~> 2.4)
  - SQLCipher (~> 3.1.0)

SPEC REPOS:
  https://github.com/cocoapods/specs.git:
    - FMDB
    - SQLCipher

SPEC CHECKSUMS:
  FMDB: 2ce00b547f966261cd18927a3ddb07cb6f3db82a
  SQLCipher: 4684434d5791db86512cd7e02172aefba575849e

PODFILE CHECKSUM: 9f55fc0dbf3865c8e2a78b4f6e407fa0faf21fcb

COCOAPODS: 1.5.3
