PODS:
  - FMDB (2.4):
    - FMDB/standard (= 2.4)
  - FMDB/common (2.4)
  - FMDB/standard (2.4):
    - FMDB/common
  - PLCrashReporter (1.2-rc5)
  - SQLCipher (3.1.0):
    - SQLCipher/standard (= 3.1.0)
  - SQLCipher/common (3.1.0)
  - SQLCipher/standard (3.1.0):
    - SQLCipher/common

DEPENDENCIES:
  - FMDB (~> 2.4)
  - PLCrashReporter (~> 1.2-rc5)
  - SQLCipher (~> 3.1.0)

SPEC CHECKSUMS:
  FMDB: 0b2fa25e5264ef177973c0cb8c02c711107979aa
  PLCrashReporter: 979cd3c5bda33655f4df58fa6219d067183d7a7e
  SQLCipher: 981110217eb93c2779c34fb59e646a1c1da918d8

COCOAPODS: 0.35.0
